// !$*UTF8*$!
{
	archiveVersion = 1;
	classes = {
	};
	objectVersion = 55;
	objects = {

/* Begin PBXBuildFile section */
		20CE67BB8C2C70DFCB63F28D /* Pods_ASMIO_App.framework in Frameworks */ = {isa = PBXBuildFile; fileRef = 10DECE4745ED8EB648AAFFCA /* Pods_ASMIO_App.framework */; };
		565270C427D3F09500284853 /* AppDelegate.swift in Sources */ = {isa = PBXBuildFile; fileRef = 565270C327D3F09500284853 /* AppDelegate.swift */; };
		565270C627D3F09500284853 /* SceneDelegate.swift in Sources */ = {isa = PBXBuildFile; fileRef = 565270C527D3F09500284853 /* SceneDelegate.swift */; };
		565270CD27D3F09700284853 /* Assets.xcassets in Resources */ = {isa = PBXBuildFile; fileRef = 565270CC27D3F09700284853 /* Assets.xcassets */; };
		565270D027D3F09700284853 /* LaunchScreen.storyboard in Resources */ = {isa = PBXBuildFile; fileRef = 565270CE27D3F09700284853 /* LaunchScreen.storyboard */; };
		565270E127D4C14100284853 /* Colors.xcassets in Resources */ = {isa = PBXBuildFile; fileRef = 565270E027D4C14100284853 /* Colors.xcassets */; };
		565270E327D4C41800284853 /* lionel_text_steam.ttf in Resources */ = {isa = PBXBuildFile; fileRef = 565270E227D4C41800284853 /* lionel_text_steam.ttf */; };
		565270E627D4C53B00284853 /* ResponseModel.swift in Sources */ = {isa = PBXBuildFile; fileRef = 565270E527D4C53B00284853 /* ResponseModel.swift */; };
		565270E827D4C58700284853 /* Product.swift in Sources */ = {isa = PBXBuildFile; fileRef = 565270E727D4C58700284853 /* Product.swift */; };
		5652710727D4C6DD00284853 /* BaseViewController.swift in Sources */ = {isa = PBXBuildFile; fileRef = 565270EA27D4C6DC00284853 /* BaseViewController.swift */; };
		5652710827D4C6DD00284853 /* BaseViewModel.swift in Sources */ = {isa = PBXBuildFile; fileRef = 565270EB27D4C6DC00284853 /* BaseViewModel.swift */; };
		5652710927D4C6DD00284853 /* UnderlineLabel.swift in Sources */ = {isa = PBXBuildFile; fileRef = 565270EE27D4C6DC00284853 /* UnderlineLabel.swift */; };
		5652710A27D4C6DD00284853 /* DashPageControl.swift in Sources */ = {isa = PBXBuildFile; fileRef = 565270F027D4C6DC00284853 /* DashPageControl.swift */; };
		5652710B27D4C6DD00284853 /* TopRoundedView.swift in Sources */ = {isa = PBXBuildFile; fileRef = 565270F227D4C6DC00284853 /* TopRoundedView.swift */; };
		5652710C27D4C6DD00284853 /* RoundedView.swift in Sources */ = {isa = PBXBuildFile; fileRef = 565270F327D4C6DC00284853 /* RoundedView.swift */; };
		5652710D27D4C6DD00284853 /* BottomShadowView.swift in Sources */ = {isa = PBXBuildFile; fileRef = 565270F427D4C6DC00284853 /* BottomShadowView.swift */; };
		5652710E27D4C6DD00284853 /* SelfSizedTableView.swift in Sources */ = {isa = PBXBuildFile; fileRef = 565270F627D4C6DC00284853 /* SelfSizedTableView.swift */; };
		5652710F27D4C6DD00284853 /* RoundedImageView.swift in Sources */ = {isa = PBXBuildFile; fileRef = 565270F827D4C6DC00284853 /* RoundedImageView.swift */; };
		5652711027D4C6DD00284853 /* CircleImageView.swift in Sources */ = {isa = PBXBuildFile; fileRef = 565270F927D4C6DC00284853 /* CircleImageView.swift */; };
		5652711127D4C6DD00284853 /* UIImageView+Ext.swift in Sources */ = {isa = PBXBuildFile; fileRef = 565270FB27D4C6DC00284853 /* UIImageView+Ext.swift */; };
		5652711227D4C6DD00284853 /* UICollectionView+Ext.swift in Sources */ = {isa = PBXBuildFile; fileRef = 565270FC27D4C6DC00284853 /* UICollectionView+Ext.swift */; };
		5652711327D4C6DD00284853 /* UITableView+Ext.swift in Sources */ = {isa = PBXBuildFile; fileRef = 565270FD27D4C6DC00284853 /* UITableView+Ext.swift */; };
		5652711427D4C6DD00284853 /* UINavigationController+Ext.swift in Sources */ = {isa = PBXBuildFile; fileRef = 565270FE27D4C6DC00284853 /* UINavigationController+Ext.swift */; };
		5652711527D4C6DD00284853 /* UIScrollView+Ext.swift in Sources */ = {isa = PBXBuildFile; fileRef = 565270FF27D4C6DC00284853 /* UIScrollView+Ext.swift */; };
		5652711627D4C6DD00284853 /* String+Ext.swift in Sources */ = {isa = PBXBuildFile; fileRef = 5652710027D4C6DC00284853 /* String+Ext.swift */; };
		5652711727D4C6DD00284853 /* UIColor+Ext.swift in Sources */ = {isa = PBXBuildFile; fileRef = 5652710127D4C6DC00284853 /* UIColor+Ext.swift */; };
		5652711827D4C6DD00284853 /* UIFonts+Ext.swift in Sources */ = {isa = PBXBuildFile; fileRef = 5652710227D4C6DC00284853 /* UIFonts+Ext.swift */; };
		5652711927D4C6DD00284853 /* UIViewController+Ext.swift in Sources */ = {isa = PBXBuildFile; fileRef = 5652710327D4C6DC00284853 /* UIViewController+Ext.swift */; };
		5652711A27D4C6DD00284853 /* UIView+Ext.swift in Sources */ = {isa = PBXBuildFile; fileRef = 5652710427D4C6DC00284853 /* UIView+Ext.swift */; };
		5652711B27D4C6DD00284853 /* Utils.swift in Sources */ = {isa = PBXBuildFile; fileRef = 5652710627D4C6DD00284853 /* Utils.swift */; };
		5652711E27D4D55F00284853 /* NetworkConstants.swift in Sources */ = {isa = PBXBuildFile; fileRef = 5652711D27D4D55F00284853 /* NetworkConstants.swift */; };
		5652712027D4D5A700284853 /* MyError.swift in Sources */ = {isa = PBXBuildFile; fileRef = 5652711F27D4D5A700284853 /* MyError.swift */; };
		5652712227D4D5C400284853 /* Api.swift in Sources */ = {isa = PBXBuildFile; fileRef = 5652712127D4D5C400284853 /* Api.swift */; };
		5652712427D4D5F900284853 /* Requestable.swift in Sources */ = {isa = PBXBuildFile; fileRef = 5652712327D4D5F900284853 /* Requestable.swift */; };
		5652712627D4D6AC00284853 /* CategoriesAPIs.swift in Sources */ = {isa = PBXBuildFile; fileRef = 5652712527D4D6AC00284853 /* CategoriesAPIs.swift */; };
/* End PBXBuildFile section */

/* Begin PBXFileReference section */
		10DECE4745ED8EB648AAFFCA /* Pods_ASMIO_App.framework */ = {isa = PBXFileReference; explicitFileType = wrapper.framework; includeInIndex = 0; path = Pods_ASMIO_App.framework; sourceTree = BUILT_PRODUCTS_DIR; };
		477C98F0A525E1278F40EADC /* Pods-ASMIO App.release.xcconfig */ = {isa = PBXFileReference; includeInIndex = 1; lastKnownFileType = text.xcconfig; name = "Pods-ASMIO App.release.xcconfig"; path = "Target Support Files/Pods-ASMIO App/Pods-ASMIO App.release.xcconfig"; sourceTree = "<group>"; };
		565270C027D3F09500284853 /* ASMIO App.app */ = {isa = PBXFileReference; explicitFileType = wrapper.application; includeInIndex = 0; path = "ASMIO App.app"; sourceTree = BUILT_PRODUCTS_DIR; };
		565270C327D3F09500284853 /* AppDelegate.swift */ = {isa = PBXFileReference; lastKnownFileType = sourcecode.swift; path = AppDelegate.swift; sourceTree = "<group>"; };
		565270C527D3F09500284853 /* SceneDelegate.swift */ = {isa = PBXFileReference; lastKnownFileType = sourcecode.swift; path = SceneDelegate.swift; sourceTree = "<group>"; };
		565270CC27D3F09700284853 /* Assets.xcassets */ = {isa = PBXFileReference; lastKnownFileType = folder.assetcatalog; path = Assets.xcassets; sourceTree = "<group>"; };
		565270CF27D3F09700284853 /* Base */ = {isa = PBXFileReference; lastKnownFileType = file.storyboard; name = Base; path = Base.lproj/LaunchScreen.storyboard; sourceTree = "<group>"; };
		565270D127D3F09700284853 /* Info.plist */ = {isa = PBXFileReference; lastKnownFileType = text.plist.xml; path = Info.plist; sourceTree = "<group>"; };
		565270E027D4C14100284853 /* Colors.xcassets */ = {isa = PBXFileReference; lastKnownFileType = folder.assetcatalog; path = Colors.xcassets; sourceTree = "<group>"; };
		565270E227D4C41800284853 /* lionel_text_steam.ttf */ = {isa = PBXFileReference; lastKnownFileType = file; path = lionel_text_steam.ttf; sourceTree = "<group>"; };
		565270E427D4C42200284853 /* Purissima-Bold.ttf */ = {isa = PBXFileReference; lastKnownFileType = file; path = "Purissima-Bold.ttf"; sourceTree = "<group>"; };
		565270E527D4C53B00284853 /* ResponseModel.swift */ = {isa = PBXFileReference; lastKnownFileType = sourcecode.swift; path = ResponseModel.swift; sourceTree = "<group>"; };
		565270E727D4C58700284853 /* Product.swift */ = {isa = PBXFileReference; lastKnownFileType = sourcecode.swift; path = Product.swift; sourceTree = "<group>"; };
		565270EA27D4C6DC00284853 /* BaseViewController.swift */ = {isa = PBXFileReference; fileEncoding = 4; lastKnownFileType = sourcecode.swift; path = BaseViewController.swift; sourceTree = "<group>"; };
		565270EB27D4C6DC00284853 /* BaseViewModel.swift */ = {isa = PBXFileReference; fileEncoding = 4; lastKnownFileType = sourcecode.swift; path = BaseViewModel.swift; sourceTree = "<group>"; };
		565270EE27D4C6DC00284853 /* UnderlineLabel.swift */ = {isa = PBXFileReference; fileEncoding = 4; lastKnownFileType = sourcecode.swift; path = UnderlineLabel.swift; sourceTree = "<group>"; };
		565270F027D4C6DC00284853 /* DashPageControl.swift */ = {isa = PBXFileReference; fileEncoding = 4; lastKnownFileType = sourcecode.swift; path = DashPageControl.swift; sourceTree = "<group>"; };
		565270F227D4C6DC00284853 /* TopRoundedView.swift */ = {isa = PBXFileReference; fileEncoding = 4; lastKnownFileType = sourcecode.swift; path = TopRoundedView.swift; sourceTree = "<group>"; };
		565270F327D4C6DC00284853 /* RoundedView.swift */ = {isa = PBXFileReference; fileEncoding = 4; lastKnownFileType = sourcecode.swift; path = RoundedView.swift; sourceTree = "<group>"; };
		565270F427D4C6DC00284853 /* BottomShadowView.swift */ = {isa = PBXFileReference; fileEncoding = 4; lastKnownFileType = sourcecode.swift; path = BottomShadowView.swift; sourceTree = "<group>"; };
		565270F627D4C6DC00284853 /* SelfSizedTableView.swift */ = {isa = PBXFileReference; fileEncoding = 4; lastKnownFileType = sourcecode.swift; path = SelfSizedTableView.swift; sourceTree = "<group>"; };
		565270F827D4C6DC00284853 /* RoundedImageView.swift */ = {isa = PBXFileReference; fileEncoding = 4; lastKnownFileType = sourcecode.swift; path = RoundedImageView.swift; sourceTree = "<group>"; };
		565270F927D4C6DC00284853 /* CircleImageView.swift */ = {isa = PBXFileReference; fileEncoding = 4; lastKnownFileType = sourcecode.swift; path = CircleImageView.swift; sourceTree = "<group>"; };
		565270FB27D4C6DC00284853 /* UIImageView+Ext.swift */ = {isa = PBXFileReference; fileEncoding = 4; lastKnownFileType = sourcecode.swift; path = "UIImageView+Ext.swift"; sourceTree = "<group>"; };
		565270FC27D4C6DC00284853 /* UICollectionView+Ext.swift */ = {isa = PBXFileReference; fileEncoding = 4; lastKnownFileType = sourcecode.swift; path = "UICollectionView+Ext.swift"; sourceTree = "<group>"; };
		565270FD27D4C6DC00284853 /* UITableView+Ext.swift */ = {isa = PBXFileReference; fileEncoding = 4; lastKnownFileType = sourcecode.swift; path = "UITableView+Ext.swift"; sourceTree = "<group>"; };
		565270FE27D4C6DC00284853 /* UINavigationController+Ext.swift */ = {isa = PBXFileReference; fileEncoding = 4; lastKnownFileType = sourcecode.swift; path = "UINavigationController+Ext.swift"; sourceTree = "<group>"; };
		565270FF27D4C6DC00284853 /* UIScrollView+Ext.swift */ = {isa = PBXFileReference; fileEncoding = 4; lastKnownFileType = sourcecode.swift; path = "UIScrollView+Ext.swift"; sourceTree = "<group>"; };
		5652710027D4C6DC00284853 /* String+Ext.swift */ = {isa = PBXFileReference; fileEncoding = 4; lastKnownFileType = sourcecode.swift; path = "String+Ext.swift"; sourceTree = "<group>"; };
		5652710127D4C6DC00284853 /* UIColor+Ext.swift */ = {isa = PBXFileReference; fileEncoding = 4; lastKnownFileType = sourcecode.swift; path = "UIColor+Ext.swift"; sourceTree = "<group>"; };
		5652710227D4C6DC00284853 /* UIFonts+Ext.swift */ = {isa = PBXFileReference; fileEncoding = 4; lastKnownFileType = sourcecode.swift; path = "UIFonts+Ext.swift"; sourceTree = "<group>"; };
		5652710327D4C6DC00284853 /* UIViewController+Ext.swift */ = {isa = PBXFileReference; fileEncoding = 4; lastKnownFileType = sourcecode.swift; path = "UIViewController+Ext.swift"; sourceTree = "<group>"; };
		5652710427D4C6DC00284853 /* UIView+Ext.swift */ = {isa = PBXFileReference; fileEncoding = 4; lastKnownFileType = sourcecode.swift; path = "UIView+Ext.swift"; sourceTree = "<group>"; };
		5652710627D4C6DD00284853 /* Utils.swift */ = {isa = PBXFileReference; fileEncoding = 4; lastKnownFileType = sourcecode.swift; path = Utils.swift; sourceTree = "<group>"; };
		5652711D27D4D55F00284853 /* NetworkConstants.swift */ = {isa = PBXFileReference; lastKnownFileType = sourcecode.swift; path = NetworkConstants.swift; sourceTree = "<group>"; };
		5652711F27D4D5A700284853 /* MyError.swift */ = {isa = PBXFileReference; lastKnownFileType = sourcecode.swift; path = MyError.swift; sourceTree = "<group>"; };
		5652712127D4D5C400284853 /* Api.swift */ = {isa = PBXFileReference; lastKnownFileType = sourcecode.swift; path = Api.swift; sourceTree = "<group>"; };
		5652712327D4D5F900284853 /* Requestable.swift */ = {isa = PBXFileReference; lastKnownFileType = sourcecode.swift; path = Requestable.swift; sourceTree = "<group>"; };
		5652712527D4D6AC00284853 /* CategoriesAPIs.swift */ = {isa = PBXFileReference; lastKnownFileType = sourcecode.swift; path = CategoriesAPIs.swift; sourceTree = "<group>"; };
		F73AC1757C3B6353E7F01D52 /* Pods-ASMIO App.debug.xcconfig */ = {isa = PBXFileReference; includeInIndex = 1; lastKnownFileType = text.xcconfig; name = "Pods-ASMIO App.debug.xcconfig"; path = "Target Support Files/Pods-ASMIO App/Pods-ASMIO App.debug.xcconfig"; sourceTree = "<group>"; };
/* End PBXFileReference section */

/* Begin PBXFrameworksBuildPhase section */
		565270BD27D3F09500284853 /* Frameworks */ = {
			isa = PBXFrameworksBuildPhase;
			buildActionMask = 2147483647;
			files = (
				20CE67BB8C2C70DFCB63F28D /* Pods_ASMIO_App.framework in Frameworks */,
			);
			runOnlyForDeploymentPostprocessing = 0;
		};
/* End PBXFrameworksBuildPhase section */

/* Begin PBXGroup section */
		3EEAD810367E72DF960A52D5 /* Pods */ = {
			isa = PBXGroup;
			children = (
				F73AC1757C3B6353E7F01D52 /* Pods-ASMIO App.debug.xcconfig */,
				477C98F0A525E1278F40EADC /* Pods-ASMIO App.release.xcconfig */,
			);
			path = Pods;
			sourceTree = "<group>";
		};
		565270B727D3F09500284853 = {
			isa = PBXGroup;
			children = (
				565270C227D3F09500284853 /* ASMIO App */,
				565270C127D3F09500284853 /* Products */,
				3EEAD810367E72DF960A52D5 /* Pods */,
				6D93DB83F9174D74ADCAC766 /* Frameworks */,
			);
			sourceTree = "<group>";
		};
		565270C127D3F09500284853 /* Products */ = {
			isa = PBXGroup;
			children = (
				565270C027D3F09500284853 /* ASMIO App.app */,
			);
			name = Products;
			sourceTree = "<group>";
		};
		565270C227D3F09500284853 /* ASMIO App */ = {
			isa = PBXGroup;
			children = (
				565270D727D4B33200284853 /* Models */,
				565270D927D4B36800284853 /* AppDelegates */,
				565270D827D4B34500284853 /* Modules */,
				565270DB27D4B38800284853 /* Networking */,
				565270DA27D4B37600284853 /* Common */,
				565270DC27D4B3A200284853 /* SupportingFiles */,
				565270D127D3F09700284853 /* Info.plist */,
			);
			path = "ASMIO App";
			sourceTree = "<group>";
		};
		565270D727D4B33200284853 /* Models */ = {
			isa = PBXGroup;
			children = (
				565270E527D4C53B00284853 /* ResponseModel.swift */,
				565270E727D4C58700284853 /* Product.swift */,
			);
			path = Models;
			sourceTree = "<group>";
		};
		565270D827D4B34500284853 /* Modules */ = {
			isa = PBXGroup;
			children = (
			);
			path = Modules;
			sourceTree = "<group>";
		};
		565270D927D4B36800284853 /* AppDelegates */ = {
			isa = PBXGroup;
			children = (
				565270C327D3F09500284853 /* AppDelegate.swift */,
				565270C527D3F09500284853 /* SceneDelegate.swift */,
			);
			path = AppDelegates;
			sourceTree = "<group>";
		};
		565270DA27D4B37600284853 /* Common */ = {
			isa = PBXGroup;
			children = (
				565270E927D4C6DC00284853 /* Base */,
				565270EC27D4C6DC00284853 /* CustomUI */,
				565270FA27D4C6DC00284853 /* Extensions */,
				5652710527D4C6DD00284853 /* Helper */,
			);
			path = Common;
			sourceTree = "<group>";
		};
		565270DB27D4B38800284853 /* Networking */ = {
			isa = PBXGroup;
			children = (
				5652711C27D4D53D00284853 /* APIs */,
				5652711D27D4D55F00284853 /* NetworkConstants.swift */,
				5652711F27D4D5A700284853 /* MyError.swift */,
				5652712127D4D5C400284853 /* Api.swift */,
				5652712327D4D5F900284853 /* Requestable.swift */,
			);
			path = Networking;
			sourceTree = "<group>";
		};
		565270DC27D4B3A200284853 /* SupportingFiles */ = {
			isa = PBXGroup;
			children = (
				565270DD27D4B3FF00284853 /* LaunchScreen */,
				565270DE27D4B41F00284853 /* Assets */,
				565270DF27D4B43100284853 /* Fonts */,
			);
			path = SupportingFiles;
			sourceTree = "<group>";
		};
		565270DD27D4B3FF00284853 /* LaunchScreen */ = {
			isa = PBXGroup;
			children = (
				565270CE27D3F09700284853 /* LaunchScreen.storyboard */,
			);
			path = LaunchScreen;
			sourceTree = "<group>";
		};
		565270DE27D4B41F00284853 /* Assets */ = {
			isa = PBXGroup;
			children = (
				565270CC27D3F09700284853 /* Assets.xcassets */,
				565270E027D4C14100284853 /* Colors.xcassets */,
			);
			path = Assets;
			sourceTree = "<group>";
		};
		565270DF27D4B43100284853 /* Fonts */ = {
			isa = PBXGroup;
			children = (
				565270E227D4C41800284853 /* lionel_text_steam.ttf */,
				565270E427D4C42200284853 /* Purissima-Bold.ttf */,
			);
			path = Fonts;
			sourceTree = "<group>";
		};
		565270E927D4C6DC00284853 /* Base */ = {
			isa = PBXGroup;
			children = (
				565270EA27D4C6DC00284853 /* BaseViewController.swift */,
				565270EB27D4C6DC00284853 /* BaseViewModel.swift */,
			);
			path = Base;
			sourceTree = "<group>";
		};
		565270EC27D4C6DC00284853 /* CustomUI */ = {
			isa = PBXGroup;
			children = (
				565270ED27D4C6DC00284853 /* CustomLabel */,
				565270EF27D4C6DC00284853 /* CustomPageControl */,
				565270F127D4C6DC00284853 /* CustomUIViews */,
				565270F527D4C6DC00284853 /* CustomTableViews */,
				565270F727D4C6DC00284853 /* CustomImageViews */,
			);
			path = CustomUI;
			sourceTree = "<group>";
		};
		565270ED27D4C6DC00284853 /* CustomLabel */ = {
			isa = PBXGroup;
			children = (
				565270EE27D4C6DC00284853 /* UnderlineLabel.swift */,
			);
			path = CustomLabel;
			sourceTree = "<group>";
		};
		565270EF27D4C6DC00284853 /* CustomPageControl */ = {
			isa = PBXGroup;
			children = (
				565270F027D4C6DC00284853 /* DashPageControl.swift */,
			);
			path = CustomPageControl;
			sourceTree = "<group>";
		};
		565270F127D4C6DC00284853 /* CustomUIViews */ = {
			isa = PBXGroup;
			children = (
				565270F227D4C6DC00284853 /* TopRoundedView.swift */,
				565270F327D4C6DC00284853 /* RoundedView.swift */,
				565270F427D4C6DC00284853 /* BottomShadowView.swift */,
			);
			path = CustomUIViews;
			sourceTree = "<group>";
		};
		565270F527D4C6DC00284853 /* CustomTableViews */ = {
			isa = PBXGroup;
			children = (
				565270F627D4C6DC00284853 /* SelfSizedTableView.swift */,
			);
			path = CustomTableViews;
			sourceTree = "<group>";
		};
		565270F727D4C6DC00284853 /* CustomImageViews */ = {
			isa = PBXGroup;
			children = (
				565270F827D4C6DC00284853 /* RoundedImageView.swift */,
				565270F927D4C6DC00284853 /* CircleImageView.swift */,
			);
			path = CustomImageViews;
			sourceTree = "<group>";
		};
		565270FA27D4C6DC00284853 /* Extensions */ = {
			isa = PBXGroup;
			children = (
				565270FB27D4C6DC00284853 /* UIImageView+Ext.swift */,
				565270FC27D4C6DC00284853 /* UICollectionView+Ext.swift */,
				565270FD27D4C6DC00284853 /* UITableView+Ext.swift */,
				565270FE27D4C6DC00284853 /* UINavigationController+Ext.swift */,
				565270FF27D4C6DC00284853 /* UIScrollView+Ext.swift */,
				5652710027D4C6DC00284853 /* String+Ext.swift */,
				5652710127D4C6DC00284853 /* UIColor+Ext.swift */,
				5652710227D4C6DC00284853 /* UIFonts+Ext.swift */,
				5652710327D4C6DC00284853 /* UIViewController+Ext.swift */,
				5652710427D4C6DC00284853 /* UIView+Ext.swift */,
			);
			path = Extensions;
			sourceTree = "<group>";
		};
		5652710527D4C6DD00284853 /* Helper */ = {
			isa = PBXGroup;
			children = (
				5652710627D4C6DD00284853 /* Utils.swift */,
			);
			path = Helper;
			sourceTree = "<group>";
		};
		5652711C27D4D53D00284853 /* APIs */ = {
			isa = PBXGroup;
			children = (
				5652712527D4D6AC00284853 /* CategoriesAPIs.swift */,
			);
			path = APIs;
			sourceTree = "<group>";
		};
		6D93DB83F9174D74ADCAC766 /* Frameworks */ = {
			isa = PBXGroup;
			children = (
				10DECE4745ED8EB648AAFFCA /* Pods_ASMIO_App.framework */,
			);
			name = Frameworks;
			sourceTree = "<group>";
		};
/* End PBXGroup section */

/* Begin PBXNativeTarget section */
		565270BF27D3F09500284853 /* ASMIO App */ = {
			isa = PBXNativeTarget;
			buildConfigurationList = 565270D427D3F09700284853 /* Build configuration list for PBXNativeTarget "ASMIO App" */;
			buildPhases = (
				33284E67E0C792F888663142 /* [CP] Check Pods Manifest.lock */,
				565270BC27D3F09500284853 /* Sources */,
				565270BD27D3F09500284853 /* Frameworks */,
				565270BE27D3F09500284853 /* Resources */,
				344C7125E920D330EB76B448 /* [CP] Embed Pods Frameworks */,
			);
			buildRules = (
			);
			dependencies = (
			);
			name = "ASMIO App";
			productName = "ASMIO App";
			productReference = 565270C027D3F09500284853 /* ASMIO App.app */;
			productType = "com.apple.product-type.application";
		};
/* End PBXNativeTarget section */

/* Begin PBXProject section */
		565270B827D3F09500284853 /* Project object */ = {
			isa = PBXProject;
			attributes = {
				BuildIndependentTargetsInParallel = 1;
				LastSwiftUpdateCheck = 1300;
				LastUpgradeCheck = 1300;
				TargetAttributes = {
					565270BF27D3F09500284853 = {
						CreatedOnToolsVersion = 13.0;
					};
				};
			};
			buildConfigurationList = 565270BB27D3F09500284853 /* Build configuration list for PBXProject "ASMIO App" */;
			compatibilityVersion = "Xcode 13.0";
			developmentRegion = en;
			hasScannedForEncodings = 0;
			knownRegions = (
				en,
				Base,
			);
			mainGroup = 565270B727D3F09500284853;
			productRefGroup = 565270C127D3F09500284853 /* Products */;
			projectDirPath = "";
			projectRoot = "";
			targets = (
				565270BF27D3F09500284853 /* ASMIO App */,
			);
		};
/* End PBXProject section */

/* Begin PBXResourcesBuildPhase section */
		565270BE27D3F09500284853 /* Resources */ = {
			isa = PBXResourcesBuildPhase;
			buildActionMask = 2147483647;
			files = (
				565270E127D4C14100284853 /* Colors.xcassets in Resources */,
				565270E327D4C41800284853 /* lionel_text_steam.ttf in Resources */,
				565270D027D3F09700284853 /* LaunchScreen.storyboard in Resources */,
				565270CD27D3F09700284853 /* Assets.xcassets in Resources */,
			);
			runOnlyForDeploymentPostprocessing = 0;
		};
/* End PBXResourcesBuildPhase section */

/* Begin PBXShellScriptBuildPhase section */
		33284E67E0C792F888663142 /* [CP] Check Pods Manifest.lock */ = {
			isa = PBXShellScriptBuildPhase;
			buildActionMask = 2147483647;
			files = (
			);
			inputFileListPaths = (
			);
			inputPaths = (
				"${PODS_PODFILE_DIR_PATH}/Podfile.lock",
				"${PODS_ROOT}/Manifest.lock",
			);
			name = "[CP] Check Pods Manifest.lock";
			outputFileListPaths = (
			);
			outputPaths = (
				"$(DERIVED_FILE_DIR)/Pods-ASMIO App-checkManifestLockResult.txt",
			);
			runOnlyForDeploymentPostprocessing = 0;
			shellPath = /bin/sh;
			shellScript = "diff \"${PODS_PODFILE_DIR_PATH}/Podfile.lock\" \"${PODS_ROOT}/Manifest.lock\" > /dev/null\nif [ $? != 0 ] ; then\n    # print error to STDERR\n    echo \"error: The sandbox is not in sync with the Podfile.lock. Run 'pod install' or update your CocoaPods installation.\" >&2\n    exit 1\nfi\n# This output is used by Xcode 'outputs' to avoid re-running this script phase.\necho \"SUCCESS\" > \"${SCRIPT_OUTPUT_FILE_0}\"\n";
			showEnvVarsInLog = 0;
		};
		344C7125E920D330EB76B448 /* [CP] Embed Pods Frameworks */ = {
			isa = PBXShellScriptBuildPhase;
			buildActionMask = 2147483647;
			files = (
			);
			inputFileListPaths = (
				"${PODS_ROOT}/Target Support Files/Pods-ASMIO App/Pods-ASMIO App-frameworks-${CONFIGURATION}-input-files.xcfilelist",
			);
			name = "[CP] Embed Pods Frameworks";
			outputFileListPaths = (
				"${PODS_ROOT}/Target Support Files/Pods-ASMIO App/Pods-ASMIO App-frameworks-${CONFIGURATION}-output-files.xcfilelist",
			);
			runOnlyForDeploymentPostprocessing = 0;
			shellPath = /bin/sh;
			shellScript = "\"${PODS_ROOT}/Target Support Files/Pods-ASMIO App/Pods-ASMIO App-frameworks.sh\"\n";
			showEnvVarsInLog = 0;
		};
/* End PBXShellScriptBuildPhase section */

/* Begin PBXSourcesBuildPhase section */
		565270BC27D3F09500284853 /* Sources */ = {
			isa = PBXSourcesBuildPhase;
			buildActionMask = 2147483647;
			files = (
				5652711E27D4D55F00284853 /* NetworkConstants.swift in Sources */,
				5652712427D4D5F900284853 /* Requestable.swift in Sources */,
				5652712627D4D6AC00284853 /* CategoriesAPIs.swift in Sources */,
				5652711727D4C6DD00284853 /* UIColor+Ext.swift in Sources */,
				5652710727D4C6DD00284853 /* BaseViewController.swift in Sources */,
				5652711827D4C6DD00284853 /* UIFonts+Ext.swift in Sources */,
				5652711327D4C6DD00284853 /* UITableView+Ext.swift in Sources */,
				5652711427D4C6DD00284853 /* UINavigationController+Ext.swift in Sources */,
				5652711B27D4C6DD00284853 /* Utils.swift in Sources */,
				5652711927D4C6DD00284853 /* UIViewController+Ext.swift in Sources */,
				565270C427D3F09500284853 /* AppDelegate.swift in Sources */,
				5652711027D4C6DD00284853 /* CircleImageView.swift in Sources */,
				5652711A27D4C6DD00284853 /* UIView+Ext.swift in Sources */,
				5652710D27D4C6DD00284853 /* BottomShadowView.swift in Sources */,
				565270E827D4C58700284853 /* Product.swift in Sources */,
				565270E627D4C53B00284853 /* ResponseModel.swift in Sources */,
				5652711227D4C6DD00284853 /* UICollectionView+Ext.swift in Sources */,
				5652711127D4C6DD00284853 /* UIImageView+Ext.swift in Sources */,
				565270C627D3F09500284853 /* SceneDelegate.swift in Sources */,
				5652710827D4C6DD00284853 /* BaseViewModel.swift in Sources */,
				5652710A27D4C6DD00284853 /* DashPageControl.swift in Sources */,
				5652710927D4C6DD00284853 /* UnderlineLabel.swift in Sources */,
				5652710C27D4C6DD00284853 /* RoundedView.swift in Sources */,
				5652710F27D4C6DD00284853 /* RoundedImageView.swift in Sources */,
				5652710B27D4C6DD00284853 /* TopRoundedView.swift in Sources */,
				5652711527D4C6DD00284853 /* UIScrollView+Ext.swift in Sources */,
				5652712027D4D5A700284853 /* MyError.swift in Sources */,
				5652711627D4C6DD00284853 /* String+Ext.swift in Sources */,
				5652712227D4D5C400284853 /* Api.swift in Sources */,
				5652710E27D4C6DD00284853 /* SelfSizedTableView.swift in Sources */,
			);
			runOnlyForDeploymentPostprocessing = 0;
		};
/* End PBXSourcesBuildPhase section */

/* Begin PBXVariantGroup section */
		565270CE27D3F09700284853 /* LaunchScreen.storyboard */ = {
			isa = PBXVariantGroup;
			children = (
				565270CF27D3F09700284853 /* Base */,
			);
			name = LaunchScreen.storyboard;
			sourceTree = "<group>";
		};
/* End PBXVariantGroup section */

/* Begin XCBuildConfiguration section */
		565270D227D3F09700284853 /* Debug */ = {
			isa = XCBuildConfiguration;
			buildSettings = {
				ALWAYS_SEARCH_USER_PATHS = NO;
				CLANG_ANALYZER_NONNULL = YES;
				CLANG_ANALYZER_NUMBER_OBJECT_CONVERSION = YES_AGGRESSIVE;
				CLANG_CXX_LANGUAGE_STANDARD = "gnu++17";
				CLANG_CXX_LIBRARY = "libc++";
				CLANG_ENABLE_MODULES = YES;
				CLANG_ENABLE_OBJC_ARC = YES;
				CLANG_ENABLE_OBJC_WEAK = YES;
				CLANG_WARN_BLOCK_CAPTURE_AUTORELEASING = YES;
				CLANG_WARN_BOOL_CONVERSION = YES;
				CLANG_WARN_COMMA = YES;
				CLANG_WARN_CONSTANT_CONVERSION = YES;
				CLANG_WARN_DEPRECATED_OBJC_IMPLEMENTATIONS = YES;
				CLANG_WARN_DIRECT_OBJC_ISA_USAGE = YES_ERROR;
				CLANG_WARN_DOCUMENTATION_COMMENTS = YES;
				CLANG_WARN_EMPTY_BODY = YES;
				CLANG_WARN_ENUM_CONVERSION = YES;
				CLANG_WARN_INFINITE_RECURSION = YES;
				CLANG_WARN_INT_CONVERSION = YES;
				CLANG_WARN_NON_LITERAL_NULL_CONVERSION = YES;
				CLANG_WARN_OBJC_IMPLICIT_RETAIN_SELF = YES;
				CLANG_WARN_OBJC_LITERAL_CONVERSION = YES;
				CLANG_WARN_OBJC_ROOT_CLASS = YES_ERROR;
				CLANG_WARN_QUOTED_INCLUDE_IN_FRAMEWORK_HEADER = YES;
				CLANG_WARN_RANGE_LOOP_ANALYSIS = YES;
				CLANG_WARN_STRICT_PROTOTYPES = YES;
				CLANG_WARN_SUSPICIOUS_MOVE = YES;
				CLANG_WARN_UNGUARDED_AVAILABILITY = YES_AGGRESSIVE;
				CLANG_WARN_UNREACHABLE_CODE = YES;
				CLANG_WARN__DUPLICATE_METHOD_MATCH = YES;
				COPY_PHASE_STRIP = NO;
				DEBUG_INFORMATION_FORMAT = dwarf;
				ENABLE_STRICT_OBJC_MSGSEND = YES;
				ENABLE_TESTABILITY = YES;
				GCC_C_LANGUAGE_STANDARD = gnu11;
				GCC_DYNAMIC_NO_PIC = NO;
				GCC_NO_COMMON_BLOCKS = YES;
				GCC_OPTIMIZATION_LEVEL = 0;
				GCC_PREPROCESSOR_DEFINITIONS = (
					"DEBUG=1",
					"$(inherited)",
				);
				GCC_WARN_64_TO_32_BIT_CONVERSION = YES;
				GCC_WARN_ABOUT_RETURN_TYPE = YES_ERROR;
				GCC_WARN_UNDECLARED_SELECTOR = YES;
				GCC_WARN_UNINITIALIZED_AUTOS = YES_AGGRESSIVE;
				GCC_WARN_UNUSED_FUNCTION = YES;
				GCC_WARN_UNUSED_VARIABLE = YES;
				IPHONEOS_DEPLOYMENT_TARGET = 15.0;
				MTL_ENABLE_DEBUG_INFO = INCLUDE_SOURCE;
				MTL_FAST_MATH = YES;
				ONLY_ACTIVE_ARCH = YES;
				SDKROOT = iphoneos;
				SWIFT_ACTIVE_COMPILATION_CONDITIONS = DEBUG;
				SWIFT_OPTIMIZATION_LEVEL = "-Onone";
			};
			name = Debug;
		};
		565270D327D3F09700284853 /* Release */ = {
			isa = XCBuildConfiguration;
			buildSettings = {
				ALWAYS_SEARCH_USER_PATHS = NO;
				CLANG_ANALYZER_NONNULL = YES;
				CLANG_ANALYZER_NUMBER_OBJECT_CONVERSION = YES_AGGRESSIVE;
				CLANG_CXX_LANGUAGE_STANDARD = "gnu++17";
				CLANG_CXX_LIBRARY = "libc++";
				CLANG_ENABLE_MODULES = YES;
				CLANG_ENABLE_OBJC_ARC = YES;
				CLANG_ENABLE_OBJC_WEAK = YES;
				CLANG_WARN_BLOCK_CAPTURE_AUTORELEASING = YES;
				CLANG_WARN_BOOL_CONVERSION = YES;
				CLANG_WARN_COMMA = YES;
				CLANG_WARN_CONSTANT_CONVERSION = YES;
				CLANG_WARN_DEPRECATED_OBJC_IMPLEMENTATIONS = YES;
				CLANG_WARN_DIRECT_OBJC_ISA_USAGE = YES_ERROR;
				CLANG_WARN_DOCUMENTATION_COMMENTS = YES;
				CLANG_WARN_EMPTY_BODY = YES;
				CLANG_WARN_ENUM_CONVERSION = YES;
				CLANG_WARN_INFINITE_RECURSION = YES;
				CLANG_WARN_INT_CONVERSION = YES;
				CLANG_WARN_NON_LITERAL_NULL_CONVERSION = YES;
				CLANG_WARN_OBJC_IMPLICIT_RETAIN_SELF = YES;
				CLANG_WARN_OBJC_LITERAL_CONVERSION = YES;
				CLANG_WARN_OBJC_ROOT_CLASS = YES_ERROR;
				CLANG_WARN_QUOTED_INCLUDE_IN_FRAMEWORK_HEADER = YES;
				CLANG_WARN_RANGE_LOOP_ANALYSIS = YES;
				CLANG_WARN_STRICT_PROTOTYPES = YES;
				CLANG_WARN_SUSPICIOUS_MOVE = YES;
				CLANG_WARN_UNGUARDED_AVAILABILITY = YES_AGGRESSIVE;
				CLANG_WARN_UNREACHABLE_CODE = YES;
				CLANG_WARN__DUPLICATE_METHOD_MATCH = YES;
				COPY_PHASE_STRIP = NO;
				DEBUG_INFORMATION_FORMAT = "dwarf-with-dsym";
				ENABLE_NS_ASSERTIONS = NO;
				ENABLE_STRICT_OBJC_MSGSEND = YES;
				GCC_C_LANGUAGE_STANDARD = gnu11;
				GCC_NO_COMMON_BLOCKS = YES;
				GCC_WARN_64_TO_32_BIT_CONVERSION = YES;
				GCC_WARN_ABOUT_RETURN_TYPE = YES_ERROR;
				GCC_WARN_UNDECLARED_SELECTOR = YES;
				GCC_WARN_UNINITIALIZED_AUTOS = YES_AGGRESSIVE;
				GCC_WARN_UNUSED_FUNCTION = YES;
				GCC_WARN_UNUSED_VARIABLE = YES;
				IPHONEOS_DEPLOYMENT_TARGET = 15.0;
				MTL_ENABLE_DEBUG_INFO = NO;
				MTL_FAST_MATH = YES;
				SDKROOT = iphoneos;
				SWIFT_COMPILATION_MODE = wholemodule;
				SWIFT_OPTIMIZATION_LEVEL = "-O";
				VALIDATE_PRODUCT = YES;
			};
			name = Release;
		};
		565270D527D3F09700284853 /* Debug */ = {
			isa = XCBuildConfiguration;
			baseConfigurationReference = F73AC1757C3B6353E7F01D52 /* Pods-ASMIO App.debug.xcconfig */;
			buildSettings = {
				ASSETCATALOG_COMPILER_APPICON_NAME = AppIcon;
				ASSETCATALOG_COMPILER_GLOBAL_ACCENT_COLOR_NAME = AccentColor;
				CODE_SIGN_STYLE = Automatic;
				CURRENT_PROJECT_VERSION = 1;
				DEVELOPMENT_TEAM = 6U3ELYT3M7;
				GENERATE_INFOPLIST_FILE = YES;
				INFOPLIST_FILE = "ASMIO App/Info.plist";
				INFOPLIST_KEY_UIApplicationSupportsIndirectInputEvents = YES;
				INFOPLIST_KEY_UILaunchStoryboardName = LaunchScreen;
				INFOPLIST_KEY_UISupportedInterfaceOrientations = UIInterfaceOrientationPortrait;
				INFOPLIST_KEY_UISupportedInterfaceOrientations_iPad = "UIInterfaceOrientationPortrait UIInterfaceOrientationPortraitUpsideDown UIInterfaceOrientationLandscapeLeft UIInterfaceOrientationLandscapeRight";
				INFOPLIST_KEY_UISupportedInterfaceOrientations_iPhone = "UIInterfaceOrientationPortrait UIInterfaceOrientationLandscapeLeft UIInterfaceOrientationLandscapeRight";
				INFOPLIST_KEY_UIUserInterfaceStyle = Light;
				LD_RUNPATH_SEARCH_PATHS = (
					"$(inherited)",
					"@executable_path/Frameworks",
				);
				MARKETING_VERSION = 1.0;
				PRODUCT_BUNDLE_IDENTIFIER = "com.aboelnaga.ASMIO-App";
				PRODUCT_NAME = "$(TARGET_NAME)";
				SWIFT_EMIT_LOC_STRINGS = YES;
				SWIFT_VERSION = 5.0;
				TARGETED_DEVICE_FAMILY = 1;
			};
			name = Debug;
		};
		565270D627D3F09700284853 /* Release */ = {
			isa = XCBuildConfiguration;
			baseConfigurationReference = 477C98F0A525E1278F40EADC /* Pods-ASMIO App.release.xcconfig */;
			buildSettings = {
				ASSETCATALOG_COMPILER_APPICON_NAME = AppIcon;
				ASSETCATALOG_COMPILER_GLOBAL_ACCENT_COLOR_NAME = AccentColor;
				CODE_SIGN_STYLE = Automatic;
				CURRENT_PROJECT_VERSION = 1;
				DEVELOPMENT_TEAM = 6U3ELYT3M7;
				GENERATE_INFOPLIST_FILE = YES;
				INFOPLIST_FILE = "ASMIO App/Info.plist";
				INFOPLIST_KEY_UIApplicationSupportsIndirectInputEvents = YES;
				INFOPLIST_KEY_UILaunchStoryboardName = LaunchScreen;
				INFOPLIST_KEY_UISupportedInterfaceOrientations = UIInterfaceOrientationPortrait;
				INFOPLIST_KEY_UISupportedInterfaceOrientations_iPad = "UIInterfaceOrientationPortrait UIInterfaceOrientationPortraitUpsideDown UIInterfaceOrientationLandscapeLeft UIInterfaceOrientationLandscapeRight";
				INFOPLIST_KEY_UISupportedInterfaceOrientations_iPhone = "UIInterfaceOrientationPortrait UIInterfaceOrientationLandscapeLeft UIInterfaceOrientationLandscapeRight";
				INFOPLIST_KEY_UIUserInterfaceStyle = Light;
				LD_RUNPATH_SEARCH_PATHS = (
					"$(inherited)",
					"@executable_path/Frameworks",
				);
				MARKETING_VERSION = 1.0;
				PRODUCT_BUNDLE_IDENTIFIER = "com.aboelnaga.ASMIO-App";
				PRODUCT_NAME = "$(TARGET_NAME)";
				SWIFT_EMIT_LOC_STRINGS = YES;
				SWIFT_VERSION = 5.0;
				TARGETED_DEVICE_FAMILY = 1;
			};
			name = Release;
		};
/* End XCBuildConfiguration section */

/* Begin XCConfigurationList section */
		565270BB27D3F09500284853 /* Build configuration list for PBXProject "ASMIO App" */ = {
			isa = XCConfigurationList;
			buildConfigurations = (
				565270D227D3F09700284853 /* Debug */,
				565270D327D3F09700284853 /* Release */,
			);
			defaultConfigurationIsVisible = 0;
			defaultConfigurationName = Release;
		};
		565270D427D3F09700284853 /* Build configuration list for PBXNativeTarget "ASMIO App" */ = {
			isa = XCConfigurationList;
			buildConfigurations = (
				565270D527D3F09700284853 /* Debug */,
				565270D627D3F09700284853 /* Release */,
			);
			defaultConfigurationIsVisible = 0;
			defaultConfigurationName = Release;
		};
/* End XCConfigurationList section */
	};
	rootObject = 565270B827D3F09500284853 /* Project object */;
}
